// !$*UTF8*$!
{
	archiveVersion = 1;
	classes = {
	};
	objectVersion = 50;
	objects = {

/* Begin PBXBuildFile section */
		F36BC9BB23CC73C600A4E27E /* AppDelegate.m in Sources */ = {isa = PBXBuildFile; fileRef = F36BC9BA23CC73C600A4E27E /* AppDelegate.m */; };
		F36BC9BD23CC73C700A4E27E /* Assets.xcassets in Resources */ = {isa = PBXBuildFile; fileRef = F36BC9BC23CC73C700A4E27E /* Assets.xcassets */; };
		F36BC9C023CC73C700A4E27E /* MainMenu.xib in Resources */ = {isa = PBXBuildFile; fileRef = F36BC9BE23CC73C700A4E27E /* MainMenu.xib */; };
		F36BC9C323CC73C700A4E27E /* main.m in Sources */ = {isa = PBXBuildFile; fileRef = F36BC9C223CC73C700A4E27E /* main.m */; };
/* End PBXBuildFile section */

/* Begin PBXFileReference section */
		F36BC9B623CC73C600A4E27E /* Strecher.app */ = {isa = PBXFileReference; explicitFileType = wrapper.application; includeInIndex = 0; path = Strecher.app; sourceTree = BUILT_PRODUCTS_DIR; };
		F36BC9B923CC73C600A4E27E /* AppDelegate.h */ = {isa = PBXFileReference; lastKnownFileType = sourcecode.c.h; path = AppDelegate.h; sourceTree = "<group>"; };
		F36BC9BA23CC73C600A4E27E /* AppDelegate.m */ = {isa = PBXFileReference; lastKnownFileType = sourcecode.c.objc; path = AppDelegate.m; sourceTree = "<group>"; };
		F36BC9BC23CC73C700A4E27E /* Assets.xcassets */ = {isa = PBXFileReference; lastKnownFileType = folder.assetcatalog; path = Assets.xcassets; sourceTree = "<group>"; };
		F36BC9BF23CC73C700A4E27E /* Base */ = {isa = PBXFileReference; lastKnownFileType = file.xib; name = Base; path = Base.lproj/MainMenu.xib; sourceTree = "<group>"; };
		F36BC9C123CC73C700A4E27E /* Info.plist */ = {isa = PBXFileReference; lastKnownFileType = text.plist.xml; path = Info.plist; sourceTree = "<group>"; };
		F36BC9C223CC73C700A4E27E /* main.m */ = {isa = PBXFileReference; lastKnownFileType = sourcecode.c.objc; path = main.m; sourceTree = "<group>"; };
		F36BC9C423CC73C700A4E27E /* Strecher.entitlements */ = {isa = PBXFileReference; lastKnownFileType = text.plist.entitlements; path = Strecher.entitlements; sourceTree = "<group>"; };
/* End PBXFileReference section */

/* Begin PBXFrameworksBuildPhase section */
		F36BC9B323CC73C600A4E27E /* Frameworks */ = {
			isa = PBXFrameworksBuildPhase;
			buildActionMask = 2147483647;
			files = (
			);
			runOnlyForDeploymentPostprocessing = 0;
		};
/* End PBXFrameworksBuildPhase section */

/* Begin PBXGroup section */
		F36BC9AD23CC73C600A4E27E = {
			isa = PBXGroup;
			children = (
				F36BC9B823CC73C600A4E27E /* Strecher */,
				F36BC9B723CC73C600A4E27E /* Products */,
			);
			sourceTree = "<group>";
		};
		F36BC9B723CC73C600A4E27E /* Products */ = {
			isa = PBXGroup;
			children = (
				F36BC9B623CC73C600A4E27E /* Strecher.app */,
			);
			name = Products;
			sourceTree = "<group>";
		};
		F36BC9B823CC73C600A4E27E /* Strecher */ = {
			isa = PBXGroup;
			children = (
				F36BC9B923CC73C600A4E27E /* AppDelegate.h */,
				F36BC9BA23CC73C600A4E27E /* AppDelegate.m */,
				F36BC9BC23CC73C700A4E27E /* Assets.xcassets */,
				F36BC9BE23CC73C700A4E27E /* MainMenu.xib */,
				F36BC9C123CC73C700A4E27E /* Info.plist */,
				F36BC9C223CC73C700A4E27E /* main.m */,
				F36BC9C423CC73C700A4E27E /* Strecher.entitlements */,
			);
			path = Strecher;
			sourceTree = "<group>";
		};
/* End PBXGroup section */

/* Begin PBXNativeTarget section */
		F36BC9B523CC73C600A4E27E /* Strecher */ = {
			isa = PBXNativeTarget;
			buildConfigurationList = F36BC9C723CC73C700A4E27E /* Build configuration list for PBXNativeTarget "Strecher" */;
			buildPhases = (
				F36BC9B223CC73C600A4E27E /* Sources */,
				F36BC9B323CC73C600A4E27E /* Frameworks */,
				F36BC9B423CC73C600A4E27E /* Resources */,
			);
			buildRules = (
			);
			dependencies = (
			);
			name = Strecher;
			productName = Strecher;
			productReference = F36BC9B623CC73C600A4E27E /* Strecher.app */;
			productType = "com.apple.product-type.application";
		};
/* End PBXNativeTarget section */

/* Begin PBXProject section */
		F36BC9AE23CC73C600A4E27E /* Project object */ = {
			isa = PBXProject;
			attributes = {
				LastUpgradeCheck = 1130;
				ORGANIZATIONNAME = "Mykhailo Bondarenko";
				TargetAttributes = {
					F36BC9B523CC73C600A4E27E = {
						CreatedOnToolsVersion = 11.3;
					};
				};
			};
			buildConfigurationList = F36BC9B123CC73C600A4E27E /* Build configuration list for PBXProject "Strecher" */;
			compatibilityVersion = "Xcode 9.3";
			developmentRegion = en;
			hasScannedForEncodings = 0;
			knownRegions = (
				en,
				Base,
			);
			mainGroup = F36BC9AD23CC73C600A4E27E;
			productRefGroup = F36BC9B723CC73C600A4E27E /* Products */;
			projectDirPath = "";
			projectRoot = "";
			targets = (
				F36BC9B523CC73C600A4E27E /* Strecher */,
			);
		};
/* End PBXProject section */

/* Begin PBXResourcesBuildPhase section */
		F36BC9B423CC73C600A4E27E /* Resources */ = {
			isa = PBXResourcesBuildPhase;
			buildActionMask = 2147483647;
			files = (
				F36BC9BD23CC73C700A4E27E /* Assets.xcassets in Resources */,
				F36BC9C023CC73C700A4E27E /* MainMenu.xib in Resources */,
			);
			runOnlyForDeploymentPostprocessing = 0;
		};
/* End PBXResourcesBuildPhase section */

/* Begin PBXSourcesBuildPhase section */
		F36BC9B223CC73C600A4E27E /* Sources */ = {
			isa = PBXSourcesBuildPhase;
			buildActionMask = 2147483647;
			files = (
				F36BC9C323CC73C700A4E27E /* main.m in Sources */,
				F36BC9BB23CC73C600A4E27E /* AppDelegate.m in Sources */,
			);
			runOnlyForDeploymentPostprocessing = 0;
		};
/* End PBXSourcesBuildPhase section */

/* Begin PBXVariantGroup section */
		F36BC9BE23CC73C700A4E27E /* MainMenu.xib */ = {
			isa = PBXVariantGroup;
			children = (
				F36BC9BF23CC73C700A4E27E /* Base */,
			);
			name = MainMenu.xib;
			sourceTree = "<group>";
		};
/* End PBXVariantGroup section */

/* Begin XCBuildConfiguration section */
		F36BC9C523CC73C700A4E27E /* Debug */ = {
			isa = XCBuildConfiguration;
			buildSettings = {
				ALWAYS_SEARCH_USER_PATHS = NO;
				CLANG_ANALYZER_NONNULL = YES;
				CLANG_ANALYZER_NUMBER_OBJECT_CONVERSION = YES_AGGRESSIVE;
				CLANG_CXX_LANGUAGE_STANDARD = "gnu++14";
				CLANG_CXX_LIBRARY = "libc++";
				CLANG_ENABLE_MODULES = YES;
				CLANG_ENABLE_OBJC_ARC = YES;
				CLANG_ENABLE_OBJC_WEAK = YES;
				CLANG_WARN_BLOCK_CAPTURE_AUTORELEASING = YES;
				CLANG_WARN_BOOL_CONVERSION = YES;
				CLANG_WARN_COMMA = YES;
				CLANG_WARN_CONSTANT_CONVERSION = YES;
				CLANG_WARN_DEPRECATED_OBJC_IMPLEMENTATIONS = YES;
				CLANG_WARN_DIRECT_OBJC_ISA_USAGE = YES_ERROR;
				CLANG_WARN_DOCUMENTATION_COMMENTS = YES;
				CLANG_WARN_EMPTY_BODY = YES;
				CLANG_WARN_ENUM_CONVERSION = YES;
				CLANG_WARN_INFINITE_RECURSION = YES;
				CLANG_WARN_INT_CONVERSION = YES;
				CLANG_WARN_NON_LITERAL_NULL_CONVERSION = YES;
				CLANG_WARN_OBJC_IMPLICIT_RETAIN_SELF = YES;
				CLANG_WARN_OBJC_LITERAL_CONVERSION = YES;
				CLANG_WARN_OBJC_ROOT_CLASS = YES_ERROR;
				CLANG_WARN_RANGE_LOOP_ANALYSIS = YES;
				CLANG_WARN_STRICT_PROTOTYPES = YES;
				CLANG_WARN_SUSPICIOUS_MOVE = YES;
				CLANG_WARN_UNGUARDED_AVAILABILITY = YES_AGGRESSIVE;
				CLANG_WARN_UNREACHABLE_CODE = YES;
				CLANG_WARN__DUPLICATE_METHOD_MATCH = YES;
				COPY_PHASE_STRIP = NO;
				DEBUG_INFORMATION_FORMAT = dwarf;
				ENABLE_STRICT_OBJC_MSGSEND = YES;
				ENABLE_TESTABILITY = YES;
				GCC_C_LANGUAGE_STANDARD = gnu11;
				GCC_DYNAMIC_NO_PIC = NO;
				GCC_NO_COMMON_BLOCKS = YES;
				GCC_OPTIMIZATION_LEVEL = 0;
				GCC_PREPROCESSOR_DEFINITIONS = (
					"DEBUG=1",
					"$(inherited)",
				);
				GCC_WARN_64_TO_32_BIT_CONVERSION = YES;
				GCC_WARN_ABOUT_RETURN_TYPE = YES_ERROR;
				GCC_WARN_UNDECLARED_SELECTOR = YES;
				GCC_WARN_UNINITIALIZED_AUTOS = YES_AGGRESSIVE;
				GCC_WARN_UNUSED_FUNCTION = YES;
				GCC_WARN_UNUSED_VARIABLE = YES;
				MACOSX_DEPLOYMENT_TARGET = 10.15;
				MTL_ENABLE_DEBUG_INFO = INCLUDE_SOURCE;
				MTL_FAST_MATH = YES;
				ONLY_ACTIVE_ARCH = YES;
				SDKROOT = macosx;
			};
			name = Debug;
		};
		F36BC9C623CC73C700A4E27E /* Release */ = {
			isa = XCBuildConfiguration;
			buildSettings = {
				ALWAYS_SEARCH_USER_PATHS = NO;
				CLANG_ANALYZER_NONNULL = YES;
				CLANG_ANALYZER_NUMBER_OBJECT_CONVERSION = YES_AGGRESSIVE;
				CLANG_CXX_LANGUAGE_STANDARD = "gnu++14";
				CLANG_CXX_LIBRARY = "libc++";
				CLANG_ENABLE_MODULES = YES;
				CLANG_ENABLE_OBJC_ARC = YES;
				CLANG_ENABLE_OBJC_WEAK = YES;
				CLANG_WARN_BLOCK_CAPTURE_AUTORELEASING = YES;
				CLANG_WARN_BOOL_CONVERSION = YES;
				CLANG_WARN_COMMA = YES;
				CLANG_WARN_CONSTANT_CONVERSION = YES;
				CLANG_WARN_DEPRECATED_OBJC_IMPLEMENTATIONS = YES;
				CLANG_WARN_DIRECT_OBJC_ISA_USAGE = YES_ERROR;
				CLANG_WARN_DOCUMENTATION_COMMENTS = YES;
				CLANG_WARN_EMPTY_BODY = YES;
				CLANG_WARN_ENUM_CONVERSION = YES;
				CLANG_WARN_INFINITE_RECURSION = YES;
				CLANG_WARN_INT_CONVERSION = YES;
				CLANG_WARN_NON_LITERAL_NULL_CONVERSION = YES;
				CLANG_WARN_OBJC_IMPLICIT_RETAIN_SELF = YES;
				CLANG_WARN_OBJC_LITERAL_CONVERSION = YES;
				CLANG_WARN_OBJC_ROOT_CLASS = YES_ERROR;
				CLANG_WARN_RANGE_LOOP_ANALYSIS = YES;
				CLANG_WARN_STRICT_PROTOTYPES = YES;
				CLANG_WARN_SUSPICIOUS_MOVE = YES;
				CLANG_WARN_UNGUARDED_AVAILABILITY = YES_AGGRESSIVE;
				CLANG_WARN_UNREACHABLE_CODE = YES;
				CLANG_WARN__DUPLICATE_METHOD_MATCH = YES;
				COPY_PHASE_STRIP = NO;
				DEBUG_INFORMATION_FORMAT = "dwarf-with-dsym";
				ENABLE_NS_ASSERTIONS = NO;
				ENABLE_STRICT_OBJC_MSGSEND = YES;
				GCC_C_LANGUAGE_STANDARD = gnu11;
				GCC_NO_COMMON_BLOCKS = YES;
				GCC_WARN_64_TO_32_BIT_CONVERSION = YES;
				GCC_WARN_ABOUT_RETURN_TYPE = YES_ERROR;
				GCC_WARN_UNDECLARED_SELECTOR = YES;
				GCC_WARN_UNINITIALIZED_AUTOS = YES_AGGRESSIVE;
				GCC_WARN_UNUSED_FUNCTION = YES;
				GCC_WARN_UNUSED_VARIABLE = YES;
				MACOSX_DEPLOYMENT_TARGET = 10.15;
				MTL_ENABLE_DEBUG_INFO = NO;
				MTL_FAST_MATH = YES;
				SDKROOT = macosx;
			};
			name = Release;
		};
		F36BC9C823CC73C700A4E27E /* Debug */ = {
			isa = XCBuildConfiguration;
			buildSettings = {
				ASSETCATALOG_COMPILER_APPICON_NAME = AppIcon;
				CODE_SIGN_ENTITLEMENTS = Strecher/Strecher.entitlements;
				CODE_SIGN_STYLE = Automatic;
				COMBINE_HIDPI_IMAGES = YES;
				DEVELOPMENT_TEAM = GYWWW55376;
				ENABLE_HARDENED_RUNTIME = YES;
				INFOPLIST_FILE = Strecher/Info.plist;
				LD_RUNPATH_SEARCH_PATHS = (
					"$(inherited)",
					"@executable_path/../Frameworks",
				);
				PRODUCT_BUNDLE_IDENTIFIER = com.mcmikius.Strecher;
				PRODUCT_NAME = "$(TARGET_NAME)";
			};
			name = Debug;
		};
		F36BC9C923CC73C700A4E27E /* Release */ = {
			isa = XCBuildConfiguration;
			buildSettings = {
				ASSETCATALOG_COMPILER_APPICON_NAME = AppIcon;
				CODE_SIGN_ENTITLEMENTS = Strecher/Strecher.entitlements;
				CODE_SIGN_STYLE = Automatic;
				COMBINE_HIDPI_IMAGES = YES;
				DEVELOPMENT_TEAM = GYWWW55376;
				ENABLE_HARDENED_RUNTIME = YES;
				INFOPLIST_FILE = Strecher/Info.plist;
				LD_RUNPATH_SEARCH_PATHS = (
					"$(inherited)",
					"@executable_path/../Frameworks",
				);
				PRODUCT_BUNDLE_IDENTIFIER = com.mcmikius.Strecher;
				PRODUCT_NAME = "$(TARGET_NAME)";
			};
			name = Release;
		};
/* End XCBuildConfiguration section */

/* Begin XCConfigurationList section */
		F36BC9B123CC73C600A4E27E /* Build configuration list for PBXProject "Strecher" */ = {
			isa = XCConfigurationList;
			buildConfigurations = (
				F36BC9C523CC73C700A4E27E /* Debug */,
				F36BC9C623CC73C700A4E27E /* Release */,
			);
			defaultConfigurationIsVisible = 0;
			defaultConfigurationName = Release;
		};
		F36BC9C723CC73C700A4E27E /* Build configuration list for PBXNativeTarget "Strecher" */ = {
			isa = XCConfigurationList;
			buildConfigurations = (
				F36BC9C823CC73C700A4E27E /* Debug */,
				F36BC9C923CC73C700A4E27E /* Release */,
			);
			defaultConfigurationIsVisible = 0;
			defaultConfigurationName = Release;
		};
/* End XCConfigurationList section */
	};
	rootObject = F36BC9AE23CC73C600A4E27E /* Project object */;
}
