// !$*UTF8*$!
{
	archiveVersion = 1;
	classes = {
	};
	objectVersion = 50;
	objects = {

/* Begin PBXBuildFile section */
		F39E689823E03D9B00120E40 /* AppDelegate.m in Sources */ = {isa = PBXBuildFile; fileRef = F39E689723E03D9B00120E40 /* AppDelegate.m */; };
		F39E689A23E03D9D00120E40 /* Assets.xcassets in Resources */ = {isa = PBXBuildFile; fileRef = F39E689923E03D9D00120E40 /* Assets.xcassets */; };
		F39E689D23E03D9D00120E40 /* MainMenu.xib in Resources */ = {isa = PBXBuildFile; fileRef = F39E689B23E03D9D00120E40 /* MainMenu.xib */; };
		F39E68A023E03D9D00120E40 /* main.m in Sources */ = {isa = PBXBuildFile; fileRef = F39E689F23E03D9D00120E40 /* main.m */; };
		F39E68AA23E0496000120E40 /* ScheduledClass.m in Sources */ = {isa = PBXBuildFile; fileRef = F39E68A923E0496000120E40 /* ScheduledClass.m */; };
		F39E68AD23E049EE00120E40 /* ScheduledFetcher.m in Sources */ = {isa = PBXBuildFile; fileRef = F39E68AC23E049EE00120E40 /* ScheduledFetcher.m */; };
/* End PBXBuildFile section */

/* Begin PBXFileReference section */
		F39E689323E03D9B00120E40 /* UpcomingClasses.app */ = {isa = PBXFileReference; explicitFileType = wrapper.application; includeInIndex = 0; path = UpcomingClasses.app; sourceTree = BUILT_PRODUCTS_DIR; };
		F39E689623E03D9B00120E40 /* AppDelegate.h */ = {isa = PBXFileReference; lastKnownFileType = sourcecode.c.h; path = AppDelegate.h; sourceTree = "<group>"; };
		F39E689723E03D9B00120E40 /* AppDelegate.m */ = {isa = PBXFileReference; lastKnownFileType = sourcecode.c.objc; path = AppDelegate.m; sourceTree = "<group>"; };
		F39E689923E03D9D00120E40 /* Assets.xcassets */ = {isa = PBXFileReference; lastKnownFileType = folder.assetcatalog; path = Assets.xcassets; sourceTree = "<group>"; };
		F39E689C23E03D9D00120E40 /* Base */ = {isa = PBXFileReference; lastKnownFileType = file.xib; name = Base; path = Base.lproj/MainMenu.xib; sourceTree = "<group>"; };
		F39E689E23E03D9D00120E40 /* Info.plist */ = {isa = PBXFileReference; lastKnownFileType = text.plist.xml; path = Info.plist; sourceTree = "<group>"; };
		F39E689F23E03D9D00120E40 /* main.m */ = {isa = PBXFileReference; lastKnownFileType = sourcecode.c.objc; path = main.m; sourceTree = "<group>"; };
		F39E68A123E03D9D00120E40 /* UpcomingClasses.entitlements */ = {isa = PBXFileReference; lastKnownFileType = text.plist.entitlements; path = UpcomingClasses.entitlements; sourceTree = "<group>"; };
		F39E68A823E0496000120E40 /* ScheduledClass.h */ = {isa = PBXFileReference; lastKnownFileType = sourcecode.c.h; path = ScheduledClass.h; sourceTree = "<group>"; };
		F39E68A923E0496000120E40 /* ScheduledClass.m */ = {isa = PBXFileReference; lastKnownFileType = sourcecode.c.objc; path = ScheduledClass.m; sourceTree = "<group>"; };
		F39E68AB23E049EE00120E40 /* ScheduledFetcher.h */ = {isa = PBXFileReference; lastKnownFileType = sourcecode.c.h; path = ScheduledFetcher.h; sourceTree = "<group>"; };
		F39E68AC23E049EE00120E40 /* ScheduledFetcher.m */ = {isa = PBXFileReference; lastKnownFileType = sourcecode.c.objc; path = ScheduledFetcher.m; sourceTree = "<group>"; };
/* End PBXFileReference section */

/* Begin PBXFrameworksBuildPhase section */
		F39E689023E03D9B00120E40 /* Frameworks */ = {
			isa = PBXFrameworksBuildPhase;
			buildActionMask = 2147483647;
			files = (
			);
			runOnlyForDeploymentPostprocessing = 0;
		};
/* End PBXFrameworksBuildPhase section */

/* Begin PBXGroup section */
		F39E688A23E03D9B00120E40 = {
			isa = PBXGroup;
			children = (
				F39E689523E03D9B00120E40 /* UpcomingClasses */,
				F39E689423E03D9B00120E40 /* Products */,
			);
			sourceTree = "<group>";
		};
		F39E689423E03D9B00120E40 /* Products */ = {
			isa = PBXGroup;
			children = (
				F39E689323E03D9B00120E40 /* UpcomingClasses.app */,
			);
			name = Products;
			sourceTree = "<group>";
		};
		F39E689523E03D9B00120E40 /* UpcomingClasses */ = {
			isa = PBXGroup;
			children = (
				F39E689623E03D9B00120E40 /* AppDelegate.h */,
				F39E689723E03D9B00120E40 /* AppDelegate.m */,
				F39E68A823E0496000120E40 /* ScheduledClass.h */,
				F39E68A923E0496000120E40 /* ScheduledClass.m */,
				F39E68AB23E049EE00120E40 /* ScheduledFetcher.h */,
				F39E68AC23E049EE00120E40 /* ScheduledFetcher.m */,
				F39E689923E03D9D00120E40 /* Assets.xcassets */,
				F39E689B23E03D9D00120E40 /* MainMenu.xib */,
				F39E689E23E03D9D00120E40 /* Info.plist */,
				F39E689F23E03D9D00120E40 /* main.m */,
				F39E68A123E03D9D00120E40 /* UpcomingClasses.entitlements */,
			);
			path = UpcomingClasses;
			sourceTree = "<group>";
		};
/* End PBXGroup section */

/* Begin PBXNativeTarget section */
		F39E689223E03D9B00120E40 /* UpcomingClasses */ = {
			isa = PBXNativeTarget;
			buildConfigurationList = F39E68A423E03D9E00120E40 /* Build configuration list for PBXNativeTarget "UpcomingClasses" */;
			buildPhases = (
				F39E688F23E03D9B00120E40 /* Sources */,
				F39E689023E03D9B00120E40 /* Frameworks */,
				F39E689123E03D9B00120E40 /* Resources */,
			);
			buildRules = (
			);
			dependencies = (
			);
			name = UpcomingClasses;
			productName = UpcomingClasses;
			productReference = F39E689323E03D9B00120E40 /* UpcomingClasses.app */;
			productType = "com.apple.product-type.application";
		};
/* End PBXNativeTarget section */

/* Begin PBXProject section */
		F39E688B23E03D9B00120E40 /* Project object */ = {
			isa = PBXProject;
			attributes = {
				LastUpgradeCheck = 1130;
				ORGANIZATIONNAME = "Mykhailo Bondarenko";
				TargetAttributes = {
					F39E689223E03D9B00120E40 = {
						CreatedOnToolsVersion = 11.3.1;
					};
				};
			};
			buildConfigurationList = F39E688E23E03D9B00120E40 /* Build configuration list for PBXProject "UpcomingClasses" */;
			compatibilityVersion = "Xcode 9.3";
			developmentRegion = en;
			hasScannedForEncodings = 0;
			knownRegions = (
				en,
				Base,
			);
			mainGroup = F39E688A23E03D9B00120E40;
			productRefGroup = F39E689423E03D9B00120E40 /* Products */;
			projectDirPath = "";
			projectRoot = "";
			targets = (
				F39E689223E03D9B00120E40 /* UpcomingClasses */,
			);
		};
/* End PBXProject section */

/* Begin PBXResourcesBuildPhase section */
		F39E689123E03D9B00120E40 /* Resources */ = {
			isa = PBXResourcesBuildPhase;
			buildActionMask = 2147483647;
			files = (
				F39E689A23E03D9D00120E40 /* Assets.xcassets in Resources */,
				F39E689D23E03D9D00120E40 /* MainMenu.xib in Resources */,
			);
			runOnlyForDeploymentPostprocessing = 0;
		};
/* End PBXResourcesBuildPhase section */

/* Begin PBXSourcesBuildPhase section */
		F39E688F23E03D9B00120E40 /* Sources */ = {
			isa = PBXSourcesBuildPhase;
			buildActionMask = 2147483647;
			files = (
				F39E68A023E03D9D00120E40 /* main.m in Sources */,
				F39E689823E03D9B00120E40 /* AppDelegate.m in Sources */,
				F39E68AA23E0496000120E40 /* ScheduledClass.m in Sources */,
				F39E68AD23E049EE00120E40 /* ScheduledFetcher.m in Sources */,
			);
			runOnlyForDeploymentPostprocessing = 0;
		};
/* End PBXSourcesBuildPhase section */

/* Begin PBXVariantGroup section */
		F39E689B23E03D9D00120E40 /* MainMenu.xib */ = {
			isa = PBXVariantGroup;
			children = (
				F39E689C23E03D9D00120E40 /* Base */,
			);
			name = MainMenu.xib;
			sourceTree = "<group>";
		};
/* End PBXVariantGroup section */

/* Begin XCBuildConfiguration section */
		F39E68A223E03D9E00120E40 /* Debug */ = {
			isa = XCBuildConfiguration;
			buildSettings = {
				ALWAYS_SEARCH_USER_PATHS = NO;
				CLANG_ANALYZER_NONNULL = YES;
				CLANG_ANALYZER_NUMBER_OBJECT_CONVERSION = YES_AGGRESSIVE;
				CLANG_CXX_LANGUAGE_STANDARD = "gnu++14";
				CLANG_CXX_LIBRARY = "libc++";
				CLANG_ENABLE_MODULES = YES;
				CLANG_ENABLE_OBJC_ARC = YES;
				CLANG_ENABLE_OBJC_WEAK = YES;
				CLANG_WARN_BLOCK_CAPTURE_AUTORELEASING = YES;
				CLANG_WARN_BOOL_CONVERSION = YES;
				CLANG_WARN_COMMA = YES;
				CLANG_WARN_CONSTANT_CONVERSION = YES;
				CLANG_WARN_DEPRECATED_OBJC_IMPLEMENTATIONS = YES;
				CLANG_WARN_DIRECT_OBJC_ISA_USAGE = YES_ERROR;
				CLANG_WARN_DOCUMENTATION_COMMENTS = YES;
				CLANG_WARN_EMPTY_BODY = YES;
				CLANG_WARN_ENUM_CONVERSION = YES;
				CLANG_WARN_INFINITE_RECURSION = YES;
				CLANG_WARN_INT_CONVERSION = YES;
				CLANG_WARN_NON_LITERAL_NULL_CONVERSION = YES;
				CLANG_WARN_OBJC_IMPLICIT_RETAIN_SELF = YES;
				CLANG_WARN_OBJC_LITERAL_CONVERSION = YES;
				CLANG_WARN_OBJC_ROOT_CLASS = YES_ERROR;
				CLANG_WARN_RANGE_LOOP_ANALYSIS = YES;
				CLANG_WARN_STRICT_PROTOTYPES = YES;
				CLANG_WARN_SUSPICIOUS_MOVE = YES;
				CLANG_WARN_UNGUARDED_AVAILABILITY = YES_AGGRESSIVE;
				CLANG_WARN_UNREACHABLE_CODE = YES;
				CLANG_WARN__DUPLICATE_METHOD_MATCH = YES;
				COPY_PHASE_STRIP = NO;
				DEBUG_INFORMATION_FORMAT = dwarf;
				ENABLE_STRICT_OBJC_MSGSEND = YES;
				ENABLE_TESTABILITY = YES;
				GCC_C_LANGUAGE_STANDARD = gnu11;
				GCC_DYNAMIC_NO_PIC = NO;
				GCC_NO_COMMON_BLOCKS = YES;
				GCC_OPTIMIZATION_LEVEL = 0;
				GCC_PREPROCESSOR_DEFINITIONS = (
					"DEBUG=1",
					"$(inherited)",
				);
				GCC_WARN_64_TO_32_BIT_CONVERSION = YES;
				GCC_WARN_ABOUT_RETURN_TYPE = YES_ERROR;
				GCC_WARN_UNDECLARED_SELECTOR = YES;
				GCC_WARN_UNINITIALIZED_AUTOS = YES_AGGRESSIVE;
				GCC_WARN_UNUSED_FUNCTION = YES;
				GCC_WARN_UNUSED_VARIABLE = YES;
				MACOSX_DEPLOYMENT_TARGET = 10.15;
				MTL_ENABLE_DEBUG_INFO = INCLUDE_SOURCE;
				MTL_FAST_MATH = YES;
				ONLY_ACTIVE_ARCH = YES;
				SDKROOT = macosx;
			};
			name = Debug;
		};
		F39E68A323E03D9E00120E40 /* Release */ = {
			isa = XCBuildConfiguration;
			buildSettings = {
				ALWAYS_SEARCH_USER_PATHS = NO;
				CLANG_ANALYZER_NONNULL = YES;
				CLANG_ANALYZER_NUMBER_OBJECT_CONVERSION = YES_AGGRESSIVE;
				CLANG_CXX_LANGUAGE_STANDARD = "gnu++14";
				CLANG_CXX_LIBRARY = "libc++";
				CLANG_ENABLE_MODULES = YES;
				CLANG_ENABLE_OBJC_ARC = YES;
				CLANG_ENABLE_OBJC_WEAK = YES;
				CLANG_WARN_BLOCK_CAPTURE_AUTORELEASING = YES;
				CLANG_WARN_BOOL_CONVERSION = YES;
				CLANG_WARN_COMMA = YES;
				CLANG_WARN_CONSTANT_CONVERSION = YES;
				CLANG_WARN_DEPRECATED_OBJC_IMPLEMENTATIONS = YES;
				CLANG_WARN_DIRECT_OBJC_ISA_USAGE = YES_ERROR;
				CLANG_WARN_DOCUMENTATION_COMMENTS = YES;
				CLANG_WARN_EMPTY_BODY = YES;
				CLANG_WARN_ENUM_CONVERSION = YES;
				CLANG_WARN_INFINITE_RECURSION = YES;
				CLANG_WARN_INT_CONVERSION = YES;
				CLANG_WARN_NON_LITERAL_NULL_CONVERSION = YES;
				CLANG_WARN_OBJC_IMPLICIT_RETAIN_SELF = YES;
				CLANG_WARN_OBJC_LITERAL_CONVERSION = YES;
				CLANG_WARN_OBJC_ROOT_CLASS = YES_ERROR;
				CLANG_WARN_RANGE_LOOP_ANALYSIS = YES;
				CLANG_WARN_STRICT_PROTOTYPES = YES;
				CLANG_WARN_SUSPICIOUS_MOVE = YES;
				CLANG_WARN_UNGUARDED_AVAILABILITY = YES_AGGRESSIVE;
				CLANG_WARN_UNREACHABLE_CODE = YES;
				CLANG_WARN__DUPLICATE_METHOD_MATCH = YES;
				COPY_PHASE_STRIP = NO;
				DEBUG_INFORMATION_FORMAT = "dwarf-with-dsym";
				ENABLE_NS_ASSERTIONS = NO;
				ENABLE_STRICT_OBJC_MSGSEND = YES;
				GCC_C_LANGUAGE_STANDARD = gnu11;
				GCC_NO_COMMON_BLOCKS = YES;
				GCC_WARN_64_TO_32_BIT_CONVERSION = YES;
				GCC_WARN_ABOUT_RETURN_TYPE = YES_ERROR;
				GCC_WARN_UNDECLARED_SELECTOR = YES;
				GCC_WARN_UNINITIALIZED_AUTOS = YES_AGGRESSIVE;
				GCC_WARN_UNUSED_FUNCTION = YES;
				GCC_WARN_UNUSED_VARIABLE = YES;
				MACOSX_DEPLOYMENT_TARGET = 10.15;
				MTL_ENABLE_DEBUG_INFO = NO;
				MTL_FAST_MATH = YES;
				SDKROOT = macosx;
			};
			name = Release;
		};
		F39E68A523E03D9E00120E40 /* Debug */ = {
			isa = XCBuildConfiguration;
			buildSettings = {
				ASSETCATALOG_COMPILER_APPICON_NAME = AppIcon;
				CODE_SIGN_ENTITLEMENTS = UpcomingClasses/UpcomingClasses.entitlements;
				CODE_SIGN_STYLE = Automatic;
				COMBINE_HIDPI_IMAGES = YES;
				DEVELOPMENT_TEAM = GYWWW55376;
				ENABLE_HARDENED_RUNTIME = YES;
				INFOPLIST_FILE = UpcomingClasses/Info.plist;
				LD_RUNPATH_SEARCH_PATHS = (
					"$(inherited)",
					"@executable_path/../Frameworks",
				);
				PRODUCT_BUNDLE_IDENTIFIER = com.mcmikius.UpcomingClasses;
				PRODUCT_NAME = "$(TARGET_NAME)";
			};
			name = Debug;
		};
		F39E68A623E03D9E00120E40 /* Release */ = {
			isa = XCBuildConfiguration;
			buildSettings = {
				ASSETCATALOG_COMPILER_APPICON_NAME = AppIcon;
				CODE_SIGN_ENTITLEMENTS = UpcomingClasses/UpcomingClasses.entitlements;
				CODE_SIGN_STYLE = Automatic;
				COMBINE_HIDPI_IMAGES = YES;
				DEVELOPMENT_TEAM = GYWWW55376;
				ENABLE_HARDENED_RUNTIME = YES;
				INFOPLIST_FILE = UpcomingClasses/Info.plist;
				LD_RUNPATH_SEARCH_PATHS = (
					"$(inherited)",
					"@executable_path/../Frameworks",
				);
				PRODUCT_BUNDLE_IDENTIFIER = com.mcmikius.UpcomingClasses;
				PRODUCT_NAME = "$(TARGET_NAME)";
			};
			name = Release;
		};
/* End XCBuildConfiguration section */

/* Begin XCConfigurationList section */
		F39E688E23E03D9B00120E40 /* Build configuration list for PBXProject "UpcomingClasses" */ = {
			isa = XCConfigurationList;
			buildConfigurations = (
				F39E68A223E03D9E00120E40 /* Debug */,
				F39E68A323E03D9E00120E40 /* Release */,
			);
			defaultConfigurationIsVisible = 0;
			defaultConfigurationName = Release;
		};
		F39E68A423E03D9E00120E40 /* Build configuration list for PBXNativeTarget "UpcomingClasses" */ = {
			isa = XCConfigurationList;
			buildConfigurations = (
				F39E68A523E03D9E00120E40 /* Debug */,
				F39E68A623E03D9E00120E40 /* Release */,
			);
			defaultConfigurationIsVisible = 0;
			defaultConfigurationName = Release;
		};
/* End XCConfigurationList section */
	};
	rootObject = F39E688B23E03D9B00120E40 /* Project object */;
}
